github.com/crunsher/wordsalad v0.0.0-20200918173424-75b9136dbd91 h1:5Yg24hetFfyvv3GbEdc9nYyZr4FhlTDqN37CrtLl6FY=
github.com/logrusorgru/aurora v2.0.3+incompatible h1:tOpm7WcpBTn4fjmVfgpQq0EfczGlG91VSDkswnjF5A8=
github.com/logrusorgru/aurora v2.0.3+incompatible/go.mod h1:7rIyQOR62GCctdiQpZ/zOJlFyk6y+94wXzv6RNZgaR4=
